// !$*UTF8*$!
{
	archiveVersion = 1;
	classes = {
	};
	objectVersion = 51;
	objects = {

/* Begin PBXBuildFile section */
		16D27E9C1F3E042D80FBDAA2 /* Pods_BudgetingApp.framework in Frameworks */ = {isa = PBXBuildFile; fileRef = EC3E5044A01641E962742175 /* Pods_BudgetingApp.framework */; };
		3E0086272399E8DA00ADBAF3 /* ExpenseHeaderView.swift in Sources */ = {isa = PBXBuildFile; fileRef = 3E0086262399E8DA00ADBAF3 /* ExpenseHeaderView.swift */; };
		3E00862B2399FDE200ADBAF3 /* Colours.swift in Sources */ = {isa = PBXBuildFile; fileRef = 3E00862A2399FDE200ADBAF3 /* Colours.swift */; };
		3E00862F239A1C1E00ADBAF3 /* BudgetsHeaderView.swift in Sources */ = {isa = PBXBuildFile; fileRef = 3E00862E239A1C1E00ADBAF3 /* BudgetsHeaderView.swift */; };
		3E3D16CF239CECE70040ED94 /* Tag.swift in Sources */ = {isa = PBXBuildFile; fileRef = 3E3D16CE239CECE70040ED94 /* Tag.swift */; };
		3E3D16D3239D75300040ED94 /* Statics.swift in Sources */ = {isa = PBXBuildFile; fileRef = 3E3D16D2239D75300040ED94 /* Statics.swift */; };
		3E3D16D5239DA8710040ED94 /* EditExpenseViewController.swift in Sources */ = {isa = PBXBuildFile; fileRef = 3E3D16D4239DA8710040ED94 /* EditExpenseViewController.swift */; };
		3E3D16D7239DBC490040ED94 /* LogInViewController.swift in Sources */ = {isa = PBXBuildFile; fileRef = 3E3D16D6239DBC490040ED94 /* LogInViewController.swift */; };
		3E4AE6E1239C02B300631661 /* NetworkManager.swift in Sources */ = {isa = PBXBuildFile; fileRef = 3E4AE6E0239C02B300631661 /* NetworkManager.swift */; };
		3E57C27C2384FBBA00FEF6E2 /* AppDelegate.swift in Sources */ = {isa = PBXBuildFile; fileRef = 3E57C27B2384FBBA00FEF6E2 /* AppDelegate.swift */; };
		3E57C2802384FBBA00FEF6E2 /* MainTabViewController.swift in Sources */ = {isa = PBXBuildFile; fileRef = 3E57C27F2384FBBA00FEF6E2 /* MainTabViewController.swift */; };
		3E57C2852384FBBA00FEF6E2 /* Assets.xcassets in Resources */ = {isa = PBXBuildFile; fileRef = 3E57C2842384FBBA00FEF6E2 /* Assets.xcassets */; };
		3E57C2902385A12000FEF6E2 /* MyBudgetsViewController.swift in Sources */ = {isa = PBXBuildFile; fileRef = 3E57C28F2385A12000FEF6E2 /* MyBudgetsViewController.swift */; };
		3E57C2922385A13000FEF6E2 /* BudgetDetailViewController.swift in Sources */ = {isa = PBXBuildFile; fileRef = 3E57C2912385A13000FEF6E2 /* BudgetDetailViewController.swift */; };
		3E57C2942385A14500FEF6E2 /* SetBudgetViewController.swift in Sources */ = {isa = PBXBuildFile; fileRef = 3E57C2932385A14500FEF6E2 /* SetBudgetViewController.swift */; };
		3E57C2962385A1C900FEF6E2 /* ExpensesLogViewController.swift in Sources */ = {isa = PBXBuildFile; fileRef = 3E57C2952385A1C900FEF6E2 /* ExpensesLogViewController.swift */; };
		3E57C2982385A23400FEF6E2 /* ProfileViewController.swift in Sources */ = {isa = PBXBuildFile; fileRef = 3E57C2972385A23400FEF6E2 /* ProfileViewController.swift */; };
		3E57C29B2385A7B100FEF6E2 /* AddExpenseViewController.swift in Sources */ = {isa = PBXBuildFile; fileRef = 3E57C29A2385A7B100FEF6E2 /* AddExpenseViewController.swift */; };
		3E6959112386351A00A9A973 /* Budget.swift in Sources */ = {isa = PBXBuildFile; fileRef = 3E6959102386351A00A9A973 /* Budget.swift */; };
		3E6959172386365000A9A973 /* User.swift in Sources */ = {isa = PBXBuildFile; fileRef = 3E6959162386365000A9A973 /* User.swift */; };
		3E69591923863DC500A9A973 /* MyBudgetsCollectionViewCell.swift in Sources */ = {isa = PBXBuildFile; fileRef = 3E69591823863DC500A9A973 /* MyBudgetsCollectionViewCell.swift */; };
		3E69591D238704C700A9A973 /* Expense.swift in Sources */ = {isa = PBXBuildFile; fileRef = 3E69591C238704C700A9A973 /* Expense.swift */; };
		3E69591F23870A5900A9A973 /* CategoryCollectionViewCell.swift in Sources */ = {isa = PBXBuildFile; fileRef = 3E69591E23870A5900A9A973 /* CategoryCollectionViewCell.swift */; };
		3E69592123870A6200A9A973 /* ExpenseCollectionViewCell.swift in Sources */ = {isa = PBXBuildFile; fileRef = 3E69592023870A6200A9A973 /* ExpenseCollectionViewCell.swift */; };
		3E6CBE08239B25A1004F7058 /* HomeViewController.swift in Sources */ = {isa = PBXBuildFile; fileRef = 3E6CBE07239B25A1004F7058 /* HomeViewController.swift */; };
		3E6CBE0E239BF21A004F7058 /* SignUpViewController.swift in Sources */ = {isa = PBXBuildFile; fileRef = 3E6CBE0D239BF21A004F7058 /* SignUpViewController.swift */; };
		3EB5E0AF239A371500B3A7CD /* EditBudgetViewController.swift in Sources */ = {isa = PBXBuildFile; fileRef = 3EB5E0AE239A371500B3A7CD /* EditBudgetViewController.swift */; };
/* End PBXBuildFile section */

/* Begin PBXFileReference section */
		3E0086262399E8DA00ADBAF3 /* ExpenseHeaderView.swift */ = {isa = PBXFileReference; lastKnownFileType = sourcecode.swift; path = ExpenseHeaderView.swift; sourceTree = "<group>"; };
		3E00862A2399FDE200ADBAF3 /* Colours.swift */ = {isa = PBXFileReference; lastKnownFileType = sourcecode.swift; path = Colours.swift; sourceTree = "<group>"; };
		3E00862E239A1C1E00ADBAF3 /* BudgetsHeaderView.swift */ = {isa = PBXFileReference; lastKnownFileType = sourcecode.swift; path = BudgetsHeaderView.swift; sourceTree = "<group>"; };
		3E3D16CE239CECE70040ED94 /* Tag.swift */ = {isa = PBXFileReference; lastKnownFileType = sourcecode.swift; path = Tag.swift; sourceTree = "<group>"; };
		3E3D16D2239D75300040ED94 /* Statics.swift */ = {isa = PBXFileReference; lastKnownFileType = sourcecode.swift; path = Statics.swift; sourceTree = "<group>"; };
		3E3D16D4239DA8710040ED94 /* EditExpenseViewController.swift */ = {isa = PBXFileReference; lastKnownFileType = sourcecode.swift; path = EditExpenseViewController.swift; sourceTree = "<group>"; };
		3E3D16D6239DBC490040ED94 /* LogInViewController.swift */ = {isa = PBXFileReference; lastKnownFileType = sourcecode.swift; path = LogInViewController.swift; sourceTree = "<group>"; };
		3E4AE6E0239C02B300631661 /* NetworkManager.swift */ = {isa = PBXFileReference; lastKnownFileType = sourcecode.swift; path = NetworkManager.swift; sourceTree = "<group>"; };
		3E57C2782384FBBA00FEF6E2 /* BudgetingApp.app */ = {isa = PBXFileReference; explicitFileType = wrapper.application; includeInIndex = 0; path = BudgetingApp.app; sourceTree = BUILT_PRODUCTS_DIR; };
		3E57C27B2384FBBA00FEF6E2 /* AppDelegate.swift */ = {isa = PBXFileReference; lastKnownFileType = sourcecode.swift; path = AppDelegate.swift; sourceTree = "<group>"; };
		3E57C27F2384FBBA00FEF6E2 /* MainTabViewController.swift */ = {isa = PBXFileReference; lastKnownFileType = sourcecode.swift; path = MainTabViewController.swift; sourceTree = "<group>"; };
		3E57C2842384FBBA00FEF6E2 /* Assets.xcassets */ = {isa = PBXFileReference; lastKnownFileType = folder.assetcatalog; path = Assets.xcassets; sourceTree = "<group>"; };
		3E57C2892384FBBA00FEF6E2 /* Info.plist */ = {isa = PBXFileReference; lastKnownFileType = text.plist.xml; path = Info.plist; sourceTree = "<group>"; };
		3E57C28F2385A12000FEF6E2 /* MyBudgetsViewController.swift */ = {isa = PBXFileReference; lastKnownFileType = sourcecode.swift; path = MyBudgetsViewController.swift; sourceTree = "<group>"; };
		3E57C2912385A13000FEF6E2 /* BudgetDetailViewController.swift */ = {isa = PBXFileReference; lastKnownFileType = sourcecode.swift; path = BudgetDetailViewController.swift; sourceTree = "<group>"; };
		3E57C2932385A14500FEF6E2 /* SetBudgetViewController.swift */ = {isa = PBXFileReference; lastKnownFileType = sourcecode.swift; path = SetBudgetViewController.swift; sourceTree = "<group>"; };
		3E57C2952385A1C900FEF6E2 /* ExpensesLogViewController.swift */ = {isa = PBXFileReference; lastKnownFileType = sourcecode.swift; path = ExpensesLogViewController.swift; sourceTree = "<group>"; };
		3E57C2972385A23400FEF6E2 /* ProfileViewController.swift */ = {isa = PBXFileReference; lastKnownFileType = sourcecode.swift; path = ProfileViewController.swift; sourceTree = "<group>"; };
		3E57C29A2385A7B100FEF6E2 /* AddExpenseViewController.swift */ = {isa = PBXFileReference; lastKnownFileType = sourcecode.swift; path = AddExpenseViewController.swift; sourceTree = "<group>"; };
		3E6959102386351A00A9A973 /* Budget.swift */ = {isa = PBXFileReference; lastKnownFileType = sourcecode.swift; path = Budget.swift; sourceTree = "<group>"; };
		3E6959162386365000A9A973 /* User.swift */ = {isa = PBXFileReference; lastKnownFileType = sourcecode.swift; path = User.swift; sourceTree = "<group>"; };
		3E69591823863DC500A9A973 /* MyBudgetsCollectionViewCell.swift */ = {isa = PBXFileReference; lastKnownFileType = sourcecode.swift; path = MyBudgetsCollectionViewCell.swift; sourceTree = "<group>"; };
		3E69591C238704C700A9A973 /* Expense.swift */ = {isa = PBXFileReference; lastKnownFileType = sourcecode.swift; path = Expense.swift; sourceTree = "<group>"; };
		3E69591E23870A5900A9A973 /* CategoryCollectionViewCell.swift */ = {isa = PBXFileReference; lastKnownFileType = sourcecode.swift; path = CategoryCollectionViewCell.swift; sourceTree = "<group>"; };
		3E69592023870A6200A9A973 /* ExpenseCollectionViewCell.swift */ = {isa = PBXFileReference; lastKnownFileType = sourcecode.swift; path = ExpenseCollectionViewCell.swift; sourceTree = "<group>"; };
		3E6CBE07239B25A1004F7058 /* HomeViewController.swift */ = {isa = PBXFileReference; lastKnownFileType = sourcecode.swift; path = HomeViewController.swift; sourceTree = "<group>"; };
		3E6CBE0D239BF21A004F7058 /* SignUpViewController.swift */ = {isa = PBXFileReference; lastKnownFileType = sourcecode.swift; path = SignUpViewController.swift; sourceTree = "<group>"; };
		3EB5E0AE239A371500B3A7CD /* EditBudgetViewController.swift */ = {isa = PBXFileReference; lastKnownFileType = sourcecode.swift; path = EditBudgetViewController.swift; sourceTree = "<group>"; };
		55518A9DC4885ED8662AA222 /* Pods-BudgetingApp.debug.xcconfig */ = {isa = PBXFileReference; includeInIndex = 1; lastKnownFileType = text.xcconfig; name = "Pods-BudgetingApp.debug.xcconfig"; path = "Target Support Files/Pods-BudgetingApp/Pods-BudgetingApp.debug.xcconfig"; sourceTree = "<group>"; };
		E5C0D28754DCA3EADDD7194F /* Pods-BudgetingApp.release.xcconfig */ = {isa = PBXFileReference; includeInIndex = 1; lastKnownFileType = text.xcconfig; name = "Pods-BudgetingApp.release.xcconfig"; path = "Target Support Files/Pods-BudgetingApp/Pods-BudgetingApp.release.xcconfig"; sourceTree = "<group>"; };
		EC3E5044A01641E962742175 /* Pods_BudgetingApp.framework */ = {isa = PBXFileReference; explicitFileType = wrapper.framework; includeInIndex = 0; path = Pods_BudgetingApp.framework; sourceTree = BUILT_PRODUCTS_DIR; };
/* End PBXFileReference section */

/* Begin PBXFrameworksBuildPhase section */
		3E57C2752384FBBA00FEF6E2 /* Frameworks */ = {
			isa = PBXFrameworksBuildPhase;
			buildActionMask = 2147483647;
			files = (
				16D27E9C1F3E042D80FBDAA2 /* Pods_BudgetingApp.framework in Frameworks */,
			);
			runOnlyForDeploymentPostprocessing = 0;
		};
/* End PBXFrameworksBuildPhase section */

/* Begin PBXGroup section */
		145682739EB174AEACA0A1D2 /* Frameworks */ = {
			isa = PBXGroup;
			children = (
				EC3E5044A01641E962742175 /* Pods_BudgetingApp.framework */,
			);
			name = Frameworks;
			sourceTree = "<group>";
		};
		3E57C26F2384FBBA00FEF6E2 = {
			isa = PBXGroup;
			children = (
				3E57C27A2384FBBA00FEF6E2 /* BudgetingApp */,
				3E57C2792384FBBA00FEF6E2 /* Products */,
				9998C73026A6B0E3B4E935A2 /* Pods */,
				145682739EB174AEACA0A1D2 /* Frameworks */,
			);
			sourceTree = "<group>";
		};
		3E57C2792384FBBA00FEF6E2 /* Products */ = {
			isa = PBXGroup;
			children = (
				3E57C2782384FBBA00FEF6E2 /* BudgetingApp.app */,
			);
			name = Products;
			sourceTree = "<group>";
		};
		3E57C27A2384FBBA00FEF6E2 /* BudgetingApp */ = {
			isa = PBXGroup;
			children = (
				3E00862A2399FDE200ADBAF3 /* Colours.swift */,
				3E57C27B2384FBBA00FEF6E2 /* AppDelegate.swift */,
				3E57C2952385A1C900FEF6E2 /* ExpensesLogViewController.swift */,
				3E3D16D2239D75300040ED94 /* Statics.swift */,
				3E0086262399E8DA00ADBAF3 /* ExpenseHeaderView.swift */,
				3E69591E23870A5900A9A973 /* CategoryCollectionViewCell.swift */,
				3E6CBE0D239BF21A004F7058 /* SignUpViewController.swift */,
				3E3D16D4239DA8710040ED94 /* EditExpenseViewController.swift */,
				3E4AE6E0239C02B300631661 /* NetworkManager.swift */,
				3E3D16D6239DBC490040ED94 /* LogInViewController.swift */,
				3E69592023870A6200A9A973 /* ExpenseCollectionViewCell.swift */,
				3E57C27F2384FBBA00FEF6E2 /* MainTabViewController.swift */,
				3E6CBE07239B25A1004F7058 /* HomeViewController.swift */,
				3E57C29A2385A7B100FEF6E2 /* AddExpenseViewController.swift */,
				3E57C2972385A23400FEF6E2 /* ProfileViewController.swift */,
				3E57C28F2385A12000FEF6E2 /* MyBudgetsViewController.swift */,
				3E00862E239A1C1E00ADBAF3 /* BudgetsHeaderView.swift */,
				3E69591823863DC500A9A973 /* MyBudgetsCollectionViewCell.swift */,
				3E57C2912385A13000FEF6E2 /* BudgetDetailViewController.swift */,
				3EB5E0AE239A371500B3A7CD /* EditBudgetViewController.swift */,
				3E57C2932385A14500FEF6E2 /* SetBudgetViewController.swift */,
				3E69591C238704C700A9A973 /* Expense.swift */,
				3E6959102386351A00A9A973 /* Budget.swift */,
				3E3D16CE239CECE70040ED94 /* Tag.swift */,
				3E6959162386365000A9A973 /* User.swift */,
				3E57C2842384FBBA00FEF6E2 /* Assets.xcassets */,
				3E57C2892384FBBA00FEF6E2 /* Info.plist */,
			);
			path = BudgetingApp;
			sourceTree = "<group>";
		};
		9998C73026A6B0E3B4E935A2 /* Pods */ = {
			isa = PBXGroup;
			children = (
				55518A9DC4885ED8662AA222 /* Pods-BudgetingApp.debug.xcconfig */,
				E5C0D28754DCA3EADDD7194F /* Pods-BudgetingApp.release.xcconfig */,
			);
			path = Pods;
			sourceTree = "<group>";
		};
/* End PBXGroup section */

/* Begin PBXNativeTarget section */
		3E57C2772384FBBA00FEF6E2 /* BudgetingApp */ = {
			isa = PBXNativeTarget;
			buildConfigurationList = 3E57C28C2384FBBA00FEF6E2 /* Build configuration list for PBXNativeTarget "BudgetingApp" */;
			buildPhases = (
				F9CD421894C387181F52A88D /* [CP] Check Pods Manifest.lock */,
				3E57C2742384FBBA00FEF6E2 /* Sources */,
				3E57C2752384FBBA00FEF6E2 /* Frameworks */,
				3E57C2762384FBBA00FEF6E2 /* Resources */,
				A0CC09E944F5AB454D7AE3A4 /* [CP] Embed Pods Frameworks */,
			);
			buildRules = (
			);
			dependencies = (
			);
			name = BudgetingApp;
			productName = BudgetingApp;
			productReference = 3E57C2782384FBBA00FEF6E2 /* BudgetingApp.app */;
			productType = "com.apple.product-type.application";
		};
/* End PBXNativeTarget section */

/* Begin PBXProject section */
		3E57C2702384FBBA00FEF6E2 /* Project object */ = {
			isa = PBXProject;
			attributes = {
				LastSwiftUpdateCheck = 1100;
				LastUpgradeCheck = 1100;
				ORGANIZATIONNAME = "Janice Jung";
				TargetAttributes = {
					3E57C2772384FBBA00FEF6E2 = {
						CreatedOnToolsVersion = 11.0;
					};
				};
			};
			buildConfigurationList = 3E57C2732384FBBA00FEF6E2 /* Build configuration list for PBXProject "BudgetingApp" */;
			compatibilityVersion = "Xcode 9.3";
			developmentRegion = en;
			hasScannedForEncodings = 0;
			knownRegions = (
				en,
				Base,
			);
			mainGroup = 3E57C26F2384FBBA00FEF6E2;
			productRefGroup = 3E57C2792384FBBA00FEF6E2 /* Products */;
			projectDirPath = "";
			projectRoot = "";
			targets = (
				3E57C2772384FBBA00FEF6E2 /* BudgetingApp */,
			);
		};
/* End PBXProject section */

/* Begin PBXResourcesBuildPhase section */
		3E57C2762384FBBA00FEF6E2 /* Resources */ = {
			isa = PBXResourcesBuildPhase;
			buildActionMask = 2147483647;
			files = (
				3E57C2852384FBBA00FEF6E2 /* Assets.xcassets in Resources */,
			);
			runOnlyForDeploymentPostprocessing = 0;
		};
/* End PBXResourcesBuildPhase section */

/* Begin PBXShellScriptBuildPhase section */
		A0CC09E944F5AB454D7AE3A4 /* [CP] Embed Pods Frameworks */ = {
			isa = PBXShellScriptBuildPhase;
			buildActionMask = 2147483647;
			files = (
			);
			inputFileListPaths = (
				"${PODS_ROOT}/Target Support Files/Pods-BudgetingApp/Pods-BudgetingApp-frameworks-${CONFIGURATION}-input-files.xcfilelist",
			);
			name = "[CP] Embed Pods Frameworks";
			outputFileListPaths = (
				"${PODS_ROOT}/Target Support Files/Pods-BudgetingApp/Pods-BudgetingApp-frameworks-${CONFIGURATION}-output-files.xcfilelist",
			);
			runOnlyForDeploymentPostprocessing = 0;
			shellPath = /bin/sh;
			shellScript = "\"${PODS_ROOT}/Target Support Files/Pods-BudgetingApp/Pods-BudgetingApp-frameworks.sh\"\n";
			showEnvVarsInLog = 0;
		};
		F9CD421894C387181F52A88D /* [CP] Check Pods Manifest.lock */ = {
			isa = PBXShellScriptBuildPhase;
			buildActionMask = 2147483647;
			files = (
			);
			inputFileListPaths = (
			);
			inputPaths = (
				"${PODS_PODFILE_DIR_PATH}/Podfile.lock",
				"${PODS_ROOT}/Manifest.lock",
			);
			name = "[CP] Check Pods Manifest.lock";
			outputFileListPaths = (
			);
			outputPaths = (
				"$(DERIVED_FILE_DIR)/Pods-BudgetingApp-checkManifestLockResult.txt",
			);
			runOnlyForDeploymentPostprocessing = 0;
			shellPath = /bin/sh;
			shellScript = "diff \"${PODS_PODFILE_DIR_PATH}/Podfile.lock\" \"${PODS_ROOT}/Manifest.lock\" > /dev/null\nif [ $? != 0 ] ; then\n    # print error to STDERR\n    echo \"error: The sandbox is not in sync with the Podfile.lock. Run 'pod install' or update your CocoaPods installation.\" >&2\n    exit 1\nfi\n# This output is used by Xcode 'outputs' to avoid re-running this script phase.\necho \"SUCCESS\" > \"${SCRIPT_OUTPUT_FILE_0}\"\n";
			showEnvVarsInLog = 0;
		};
/* End PBXShellScriptBuildPhase section */

/* Begin PBXSourcesBuildPhase section */
		3E57C2742384FBBA00FEF6E2 /* Sources */ = {
			isa = PBXSourcesBuildPhase;
			buildActionMask = 2147483647;
			files = (
				3E69591D238704C700A9A973 /* Expense.swift in Sources */,
				3E57C2962385A1C900FEF6E2 /* ExpensesLogViewController.swift in Sources */,
				3E6CBE08239B25A1004F7058 /* HomeViewController.swift in Sources */,
				3E4AE6E1239C02B300631661 /* NetworkManager.swift in Sources */,
				3E0086272399E8DA00ADBAF3 /* ExpenseHeaderView.swift in Sources */,
				3E57C29B2385A7B100FEF6E2 /* AddExpenseViewController.swift in Sources */,
				3E3D16CF239CECE70040ED94 /* Tag.swift in Sources */,
				3E57C2942385A14500FEF6E2 /* SetBudgetViewController.swift in Sources */,
				3E57C2922385A13000FEF6E2 /* BudgetDetailViewController.swift in Sources */,
				3E3D16D3239D75300040ED94 /* Statics.swift in Sources */,
				3E57C2902385A12000FEF6E2 /* MyBudgetsViewController.swift in Sources */,
				3E69591F23870A5900A9A973 /* CategoryCollectionViewCell.swift in Sources */,
				3E6959112386351A00A9A973 /* Budget.swift in Sources */,
				3E00862F239A1C1E00ADBAF3 /* BudgetsHeaderView.swift in Sources */,
				3E57C2982385A23400FEF6E2 /* ProfileViewController.swift in Sources */,
				3E3D16D5239DA8710040ED94 /* EditExpenseViewController.swift in Sources */,
				3E69592123870A6200A9A973 /* ExpenseCollectionViewCell.swift in Sources */,
				3E57C2802384FBBA00FEF6E2 /* MainTabViewController.swift in Sources */,
				3E6CBE0E239BF21A004F7058 /* SignUpViewController.swift in Sources */,
				3EB5E0AF239A371500B3A7CD /* EditBudgetViewController.swift in Sources */,
				3E6959172386365000A9A973 /* User.swift in Sources */,
				3E57C27C2384FBBA00FEF6E2 /* AppDelegate.swift in Sources */,
				3E69591923863DC500A9A973 /* MyBudgetsCollectionViewCell.swift in Sources */,
				3E3D16D7239DBC490040ED94 /* LogInViewController.swift in Sources */,
				3E00862B2399FDE200ADBAF3 /* Colours.swift in Sources */,
			);
			runOnlyForDeploymentPostprocessing = 0;
		};
/* End PBXSourcesBuildPhase section */

/* Begin XCBuildConfiguration section */
		3E57C28A2384FBBA00FEF6E2 /* Debug */ = {
			isa = XCBuildConfiguration;
			buildSettings = {
				ALWAYS_SEARCH_USER_PATHS = NO;
				CLANG_ANALYZER_NONNULL = YES;
				CLANG_ANALYZER_NUMBER_OBJECT_CONVERSION = YES_AGGRESSIVE;
				CLANG_CXX_LANGUAGE_STANDARD = "gnu++14";
				CLANG_CXX_LIBRARY = "libc++";
				CLANG_ENABLE_MODULES = YES;
				CLANG_ENABLE_OBJC_ARC = YES;
				CLANG_ENABLE_OBJC_WEAK = YES;
				CLANG_WARN_BLOCK_CAPTURE_AUTORELEASING = YES;
				CLANG_WARN_BOOL_CONVERSION = YES;
				CLANG_WARN_COMMA = YES;
				CLANG_WARN_CONSTANT_CONVERSION = YES;
				CLANG_WARN_DEPRECATED_OBJC_IMPLEMENTATIONS = YES;
				CLANG_WARN_DIRECT_OBJC_ISA_USAGE = YES_ERROR;
				CLANG_WARN_DOCUMENTATION_COMMENTS = YES;
				CLANG_WARN_EMPTY_BODY = YES;
				CLANG_WARN_ENUM_CONVERSION = YES;
				CLANG_WARN_INFINITE_RECURSION = YES;
				CLANG_WARN_INT_CONVERSION = YES;
				CLANG_WARN_NON_LITERAL_NULL_CONVERSION = YES;
				CLANG_WARN_OBJC_IMPLICIT_RETAIN_SELF = YES;
				CLANG_WARN_OBJC_LITERAL_CONVERSION = YES;
				CLANG_WARN_OBJC_ROOT_CLASS = YES_ERROR;
				CLANG_WARN_RANGE_LOOP_ANALYSIS = YES;
				CLANG_WARN_STRICT_PROTOTYPES = YES;
				CLANG_WARN_SUSPICIOUS_MOVE = YES;
				CLANG_WARN_UNGUARDED_AVAILABILITY = YES_AGGRESSIVE;
				CLANG_WARN_UNREACHABLE_CODE = YES;
				CLANG_WARN__DUPLICATE_METHOD_MATCH = YES;
				COPY_PHASE_STRIP = NO;
				DEBUG_INFORMATION_FORMAT = dwarf;
				ENABLE_STRICT_OBJC_MSGSEND = YES;
				ENABLE_TESTABILITY = YES;
				GCC_C_LANGUAGE_STANDARD = gnu11;
				GCC_DYNAMIC_NO_PIC = NO;
				GCC_NO_COMMON_BLOCKS = YES;
				GCC_OPTIMIZATION_LEVEL = 0;
				GCC_PREPROCESSOR_DEFINITIONS = (
					"DEBUG=1",
					"$(inherited)",
				);
				GCC_WARN_64_TO_32_BIT_CONVERSION = YES;
				GCC_WARN_ABOUT_RETURN_TYPE = YES_ERROR;
				GCC_WARN_UNDECLARED_SELECTOR = YES;
				GCC_WARN_UNINITIALIZED_AUTOS = YES_AGGRESSIVE;
				GCC_WARN_UNUSED_FUNCTION = YES;
				GCC_WARN_UNUSED_VARIABLE = YES;
				IPHONEOS_DEPLOYMENT_TARGET = 13.0;
				MTL_ENABLE_DEBUG_INFO = INCLUDE_SOURCE;
				MTL_FAST_MATH = YES;
				ONLY_ACTIVE_ARCH = YES;
				SDKROOT = iphoneos;
				SWIFT_ACTIVE_COMPILATION_CONDITIONS = DEBUG;
				SWIFT_OPTIMIZATION_LEVEL = "-Onone";
			};
			name = Debug;
		};
		3E57C28B2384FBBA00FEF6E2 /* Release */ = {
			isa = XCBuildConfiguration;
			buildSettings = {
				ALWAYS_SEARCH_USER_PATHS = NO;
				CLANG_ANALYZER_NONNULL = YES;
				CLANG_ANALYZER_NUMBER_OBJECT_CONVERSION = YES_AGGRESSIVE;
				CLANG_CXX_LANGUAGE_STANDARD = "gnu++14";
				CLANG_CXX_LIBRARY = "libc++";
				CLANG_ENABLE_MODULES = YES;
				CLANG_ENABLE_OBJC_ARC = YES;
				CLANG_ENABLE_OBJC_WEAK = YES;
				CLANG_WARN_BLOCK_CAPTURE_AUTORELEASING = YES;
				CLANG_WARN_BOOL_CONVERSION = YES;
				CLANG_WARN_COMMA = YES;
				CLANG_WARN_CONSTANT_CONVERSION = YES;
				CLANG_WARN_DEPRECATED_OBJC_IMPLEMENTATIONS = YES;
				CLANG_WARN_DIRECT_OBJC_ISA_USAGE = YES_ERROR;
				CLANG_WARN_DOCUMENTATION_COMMENTS = YES;
				CLANG_WARN_EMPTY_BODY = YES;
				CLANG_WARN_ENUM_CONVERSION = YES;
				CLANG_WARN_INFINITE_RECURSION = YES;
				CLANG_WARN_INT_CONVERSION = YES;
				CLANG_WARN_NON_LITERAL_NULL_CONVERSION = YES;
				CLANG_WARN_OBJC_IMPLICIT_RETAIN_SELF = YES;
				CLANG_WARN_OBJC_LITERAL_CONVERSION = YES;
				CLANG_WARN_OBJC_ROOT_CLASS = YES_ERROR;
				CLANG_WARN_RANGE_LOOP_ANALYSIS = YES;
				CLANG_WARN_STRICT_PROTOTYPES = YES;
				CLANG_WARN_SUSPICIOUS_MOVE = YES;
				CLANG_WARN_UNGUARDED_AVAILABILITY = YES_AGGRESSIVE;
				CLANG_WARN_UNREACHABLE_CODE = YES;
				CLANG_WARN__DUPLICATE_METHOD_MATCH = YES;
				COPY_PHASE_STRIP = NO;
				DEBUG_INFORMATION_FORMAT = "dwarf-with-dsym";
				ENABLE_NS_ASSERTIONS = NO;
				ENABLE_STRICT_OBJC_MSGSEND = YES;
				GCC_C_LANGUAGE_STANDARD = gnu11;
				GCC_NO_COMMON_BLOCKS = YES;
				GCC_WARN_64_TO_32_BIT_CONVERSION = YES;
				GCC_WARN_ABOUT_RETURN_TYPE = YES_ERROR;
				GCC_WARN_UNDECLARED_SELECTOR = YES;
				GCC_WARN_UNINITIALIZED_AUTOS = YES_AGGRESSIVE;
				GCC_WARN_UNUSED_FUNCTION = YES;
				GCC_WARN_UNUSED_VARIABLE = YES;
				IPHONEOS_DEPLOYMENT_TARGET = 13.0;
				MTL_ENABLE_DEBUG_INFO = NO;
				MTL_FAST_MATH = YES;
				SDKROOT = iphoneos;
				SWIFT_COMPILATION_MODE = wholemodule;
				SWIFT_OPTIMIZATION_LEVEL = "-O";
				VALIDATE_PRODUCT = YES;
			};
			name = Release;
		};
		3E57C28D2384FBBA00FEF6E2 /* Debug */ = {
			isa = XCBuildConfiguration;
			baseConfigurationReference = 55518A9DC4885ED8662AA222 /* Pods-BudgetingApp.debug.xcconfig */;
			buildSettings = {
				ASSETCATALOG_COMPILER_APPICON_NAME = AppIcon;
				CODE_SIGN_STYLE = Automatic;
				INFOPLIST_FILE = BudgetingApp/Info.plist;
				LD_RUNPATH_SEARCH_PATHS = (
					"$(inherited)",
					"@executable_path/Frameworks",
				);
				PRODUCT_BUNDLE_IDENTIFIER = "Janice-Jung.BudgetingApp";
				PRODUCT_NAME = "$(TARGET_NAME)";
				SWIFT_VERSION = 5.0;
				TARGETED_DEVICE_FAMILY = "1,2";
			};
			name = Debug;
		};
		3E57C28E2384FBBA00FEF6E2 /* Release */ = {
			isa = XCBuildConfiguration;
			baseConfigurationReference = E5C0D28754DCA3EADDD7194F /* Pods-BudgetingApp.release.xcconfig */;
			buildSettings = {
				ASSETCATALOG_COMPILER_APPICON_NAME = AppIcon;
				CODE_SIGN_STYLE = Automatic;
				INFOPLIST_FILE = BudgetingApp/Info.plist;
				LD_RUNPATH_SEARCH_PATHS = (
					"$(inherited)",
					"@executable_path/Frameworks",
				);
				PRODUCT_BUNDLE_IDENTIFIER = "Janice-Jung.BudgetingApp";
				PRODUCT_NAME = "$(TARGET_NAME)";
				SWIFT_VERSION = 5.0;
				TARGETED_DEVICE_FAMILY = "1,2";
			};
			name = Release;
		};
/* End XCBuildConfiguration section */

/* Begin XCConfigurationList section */
		3E57C2732384FBBA00FEF6E2 /* Build configuration list for PBXProject "BudgetingApp" */ = {
			isa = XCConfigurationList;
			buildConfigurations = (
				3E57C28A2384FBBA00FEF6E2 /* Debug */,
				3E57C28B2384FBBA00FEF6E2 /* Release */,
			);
			defaultConfigurationIsVisible = 0;
			defaultConfigurationName = Release;
		};
		3E57C28C2384FBBA00FEF6E2 /* Build configuration list for PBXNativeTarget "BudgetingApp" */ = {
			isa = XCConfigurationList;
			buildConfigurations = (
				3E57C28D2384FBBA00FEF6E2 /* Debug */,
				3E57C28E2384FBBA00FEF6E2 /* Release */,
			);
			defaultConfigurationIsVisible = 0;
			defaultConfigurationName = Release;
		};
/* End XCConfigurationList section */
	};
	rootObject = 3E57C2702384FBBA00FEF6E2 /* Project object */;
}
